
Microsoft Visual Studio Solution File, Format Version 12.00
Project("{FAE04EC0-301F-11D3-BF4B-00C04F79EFBC}") = "StonerAte", "StonerAte\StonerAte.csproj", "{4CC88B3E-6AA6-4970-B862-CCD4B440B945}"
EndProject
Project("{FAE04EC0-301F-11D3-BF4B-00C04F79EFBC}") = "StonerAte.Tests", "StonerAte.Tests\StonerAte.Tests.csproj", "{7C8C0A91-85E0-4C4C-B870-18EBF2572B29}"
EndProject
Global
	GlobalSection(SolutionConfigurationPlatforms) = preSolution
		Debug|Any CPU = Debug|Any CPU
		Release|Any CPU = Release|Any CPU
	EndGlobalSection
	GlobalSection(ProjectConfigurationPlatforms) = postSolution
		{4CC88B3E-6AA6-4970-B862-CCD4B440B945}.Debug|Any CPU.ActiveCfg = Debug|Any CPU
		{4CC88B3E-6AA6-4970-B862-CCD4B440B945}.Debug|Any CPU.Build.0 = Debug|Any CPU
		{4CC88B3E-6AA6-4970-B862-CCD4B440B945}.Release|Any CPU.ActiveCfg = Release|Any CPU
		{4CC88B3E-6AA6-4970-B862-CCD4B440B945}.Release|Any CPU.Build.0 = Release|Any CPU
		{7C8C0A91-85E0-4C4C-B870-18EBF2572B29}.Debug|Any CPU.ActiveCfg = Debug|Any CPU
		{7C8C0A91-85E0-4C4C-B870-18EBF2572B29}.Debug|Any CPU.Build.0 = Debug|Any CPU
		{7C8C0A91-85E0-4C4C-B870-18EBF2572B29}.Release|Any CPU.ActiveCfg = Release|Any CPU
		{7C8C0A91-85E0-4C4C-B870-18EBF2572B29}.Release|Any CPU.Build.0 = Release|Any CPU
	EndGlobalSection
EndGlobal
